
Microsoft Visual Studio Solution File, Format Version 12.00
# Visual Studio Version 17
VisualStudioVersion = 17.9.34723.18
MinimumVisualStudioVersion = 10.0.40219.1
Project("{9A19103F-16F7-4668-BE54-9A1E7A4F7556}") = "Sio2324_Grupo_03", "Sio2324_Grupo_03\Sio2324_Grupo_03.csproj", "{A3E24BE6-2FED-4AFE-A529-6632C9461DAE}"
EndProject
Project("{9A19103F-16F7-4668-BE54-9A1E7A4F7556}") = "ExtractDataFromXlsxFiles", "ExtractDataFromCSV\ExtractDataFromXlsxFiles.csproj", "{48A1D3DD-5153-473E-ADD1-A8084CC20E14}"
EndProject
Project("{2150E333-8FDC-42A3-9474-1A3956D46DE8}") = "Data", "Data", "{D149779B-0AD5-4CE7-A203-751EC17ECF62}"
	ProjectSection(SolutionItems) = preProject
		Data\Clients.xlsx = Data\Clients.xlsx
		Data\Products.xlsx = Data\Products.xlsx
		Data\PurchaseInvoices.xlsx = Data\PurchaseInvoices.xlsx
		Data\SaleInvoices.xlsx = Data\SaleInvoices.xlsx
		Data\StockMovements.xlsx = Data\StockMovements.xlsx
		Data\Suppliers.xlsx = Data\Suppliers.xlsx
	EndProjectSection
EndProject
Project("{2150E333-8FDC-42A3-9474-1A3956D46DE8}") = "Solution Items", "Solution Items", "{2454460B-6F14-4E6B-A5CA-321A98D8AB71}"
	ProjectSection(SolutionItems) = preProject
		appsettings.Development.json = appsettings.Development.json
		appsettings.json = appsettings.json
	EndProjectSection
EndProject
Global
	GlobalSection(SolutionConfigurationPlatforms) = preSolution
		Debug|Any CPU = Debug|Any CPU
		Release|Any CPU = Release|Any CPU
	EndGlobalSection
	GlobalSection(ProjectConfigurationPlatforms) = postSolution
		{A3E24BE6-2FED-4AFE-A529-6632C9461DAE}.Debug|Any CPU.ActiveCfg = Debug|Any CPU
		{A3E24BE6-2FED-4AFE-A529-6632C9461DAE}.Debug|Any CPU.Build.0 = Debug|Any CPU
		{A3E24BE6-2FED-4AFE-A529-6632C9461DAE}.Release|Any CPU.ActiveCfg = Release|Any CPU
		{A3E24BE6-2FED-4AFE-A529-6632C9461DAE}.Release|Any CPU.Build.0 = Release|Any CPU
		{48A1D3DD-5153-473E-ADD1-A8084CC20E14}.Debug|Any CPU.ActiveCfg = Debug|Any CPU
		{48A1D3DD-5153-473E-ADD1-A8084CC20E14}.Debug|Any CPU.Build.0 = Debug|Any CPU
		{48A1D3DD-5153-473E-ADD1-A8084CC20E14}.Release|Any CPU.ActiveCfg = Release|Any CPU
		{48A1D3DD-5153-473E-ADD1-A8084CC20E14}.Release|Any CPU.Build.0 = Release|Any CPU
	EndGlobalSection
	GlobalSection(SolutionProperties) = preSolution
		HideSolutionNode = FALSE
	EndGlobalSection
	GlobalSection(ExtensibilityGlobals) = postSolution
		SolutionGuid = {E2E888D1-9F50-44B7-BE29-02FBB4574064}
	EndGlobalSection
EndGlobal
